{
  "version": 2,
  "dependencies": {
    "net8.0": {
      "altcover": {
        "type": "Direct",
        "requested": "[9.0.102, )",
        "resolved": "9.0.102",
        "contentHash": "q3Rf5t0M9kXlcO5qhsaAe6NrFSNd5enrhKmF/Ezgmomqw34PbUTbRSYjSDNhS3YGDyUrPTkyPn14EfLDJWztcA=="
      },
      "AwesomeAssertions": {
        "type": "Direct",
        "requested": "[8.1.0, )",
        "resolved": "8.1.0",
        "contentHash": "IfNC4cpXPi9tclWvuNO9lfkuIxJsUTLTS1NXto55jDrAUQJYl0zLI9ByISrfkbBE2Xtg+IWaAXQ6jnUx3anDuw=="
      },
      "Microsoft.NET.Test.Sdk": {
        "type": "Direct",
        "requested": "[18.4.0, )",
        "resolved": "18.4.0",
        "contentHash": "w49iZdL4HL6V25l41NVQLXWQ+e71GvSkKVteMrOL02gP/PUkcnO/1yEb2s9FntU4wGmJWfKnyrRAhcMHd9ZZNA==",
        "dependencies": {
          "Microsoft.CodeCoverage": "18.4.0",
          "Microsoft.TestPlatform.TestHost": "18.4.0"
        }
      },
      "Microsoft.NETFramework.ReferenceAssemblies": {
        "type": "Direct",
        "requested": "[1.0.3, )",
        "resolved": "1.0.3",
        "contentHash": "vUc9Npcs14QsyOD01tnv/m8sQUnGTGOw1BCmKcv77LBJY7OxhJ+zJF7UD/sCL3lYNFuqmQEVlkfS4Quif6FyYg==",
        "dependencies": {
          "Microsoft.NETFramework.ReferenceAssemblies.net461": "1.0.3"
        }
      },
      "NUnit.Analyzers": {
        "type": "Direct",
        "requested": "[4.12.0, )",
        "resolved": "4.12.0",
        "contentHash": "QuEHoNlYPyjX+MUNLgj5WquT4MFFJIhIVjbZelP13z6hQP5eCl/7QgSCA0xxhTJLnrMkc7QcnEp2lTchx5pHYA=="
      },
      "NUnit3TestAdapter": {
        "type": "Direct",
        "requested": "[6.2.0, )",
        "resolved": "6.2.0",
        "contentHash": "8PMJB8za2u8S0ey/nEtvh9BHjLhv5yzUEMCmA0+VIPLKSeOAZ3TEHWDyAp0+iPQb3jnBH1o8k0PoU2FgzXLRnQ==",
        "dependencies": {
          "Microsoft.Extensions.DependencyModel": "8.0.2",
          "Microsoft.Testing.Extensions.VSTestBridge": "2.1.0",
          "Microsoft.Testing.Platform.MSBuild": "2.1.0"
        }
      },
      "PolySharp": {
        "type": "Direct",
        "requested": "[1.15.0, )",
        "resolved": "1.15.0",
        "contentHash": "FbU0El+EEjdpuIX4iDbeS7ki1uzpJPx8vbqOzEtqnl1GZeAGJfq+jCbxeJL2y0EPnUNk8dRnnqR2xnYXg9Tf+g=="
      },
      "Speckle.InterfaceGenerator": {
        "type": "Direct",
        "requested": "[0.9.6, )",
        "resolved": "0.9.6",
        "contentHash": "HKH7tYrYYlCK1ct483hgxERAdVdMtl7gUKW9ijWXxA1UsYR4Z+TrRHYmzZ9qmpu1NnTycSrp005NYM78GDKV1w=="
      },
      "Castle.Core": {
        "type": "Transitive",
        "resolved": "5.1.1",
        "contentHash": "rpYtIczkzGpf+EkZgDr9CClTdemhsrwA/W5hMoPjLkRFnXzH44zDLoovXeKtmxb1ykXK9aJVODSpiJml8CTw2g==",
        "dependencies": {
          "System.Diagnostics.EventLog": "6.0.0"
        }
      },
      "GraphQL.Client": {
        "type": "Transitive",
        "resolved": "6.0.0",
        "contentHash": "8yPNBbuVBpTptivyAlak4GZvbwbUcjeQTL4vN1HKHRuOykZ4r7l5fcLS6vpyPyLn0x8FsL31xbOIKyxbmR9rbA==",
        "dependencies": {
          "GraphQL.Client.Abstractions": "6.0.0",
          "GraphQL.Client.Abstractions.Websocket": "6.0.0",
          "System.Reactive": "5.0.0"
        }
      },
      "GraphQL.Client.Abstractions": {
        "type": "Transitive",
        "resolved": "6.0.0",
        "contentHash": "h7uzWFORHZ+CCjwr/ThAyXMr0DPpzEANDa4Uo54wqCQ+j7qUKwqYTgOrb1W40sqbvNaZm9v/X7It31SUw0maHA==",
        "dependencies": {
          "GraphQL.Primitives": "6.0.0"
        }
      },
      "GraphQL.Client.Abstractions.Websocket": {
        "type": "Transitive",
        "resolved": "6.0.0",
        "contentHash": "Nr9bPf8gIOvLuXpqEpqr9z9jslYFJOvd0feHth3/kPqeR3uMbjF5pjiwh4jxyMcxHdr8Pb6QiXkV3hsSyt0v7A==",
        "dependencies": {
          "GraphQL.Client.Abstractions": "6.0.0"
        }
      },
      "GraphQL.Primitives": {
        "type": "Transitive",
        "resolved": "6.0.0",
        "contentHash": "yg72rrYDapfsIUrul7aF6wwNnTJBOFvuA9VdDTQpPa8AlAriHbufeXYLBcodKjfUdkCnaiggX1U/nEP08Zb5GA=="
      },
      "Microsoft.ApplicationInsights": {
        "type": "Transitive",
        "resolved": "2.23.0",
        "contentHash": "nWArUZTdU7iqZLycLKWe0TDms48KKGE6pONH2terYNa8REXiqixrMOkf1sk5DHGMaUTqONU2YkS4SAXBhLStgw==",
        "dependencies": {
          "System.Diagnostics.DiagnosticSource": "5.0.0"
        }
      },
      "Microsoft.CodeCoverage": {
        "type": "Transitive",
        "resolved": "18.4.0",
        "contentHash": "9O0BtCfzCWrkAmK187ugKdq72HHOXoOUjuWFDVc2LsZZ0pOnA9bTt+Sg9q4cF+MoAaUU+MuWtvBuFsnduviJow=="
      },
      "Microsoft.Data.Sqlite": {
        "type": "Transitive",
        "resolved": "7.0.5",
        "contentHash": "KGxbPeWsQMnmQy43DSBxAFtHz3l2JX8EWBSGUCvT3CuZ8KsuzbkqMIJMDOxWtG8eZSoCDI04aiVQjWuuV8HmSw==",
        "dependencies": {
          "Microsoft.Data.Sqlite.Core": "7.0.5",
          "SQLitePCLRaw.bundle_e_sqlite3": "2.1.4"
        }
      },
      "Microsoft.Data.Sqlite.Core": {
        "type": "Transitive",
        "resolved": "7.0.5",
        "contentHash": "FTerRmQPqHrCrnoUzhBu+E+1DNGwyrAMLqHkAqOOOu5pGfyMOj8qQUBxI/gDtWtG11p49UxSfWmBzRNlwZqfUg==",
        "dependencies": {
          "SQLitePCLRaw.core": "2.1.4"
        }
      },
      "Microsoft.Extensions.Configuration": {
        "type": "Transitive",
        "resolved": "9.0.0",
        "contentHash": "YIMO9T3JL8MeEXgVozKt2v79hquo/EFtnY0vgxmLnUvk1Rei/halI7kOWZL2RBeV9FMGzgM9LZA8CVaNwFMaNA==",
        "dependencies": {
          "Microsoft.Extensions.Configuration.Abstractions": "9.0.0",
          "Microsoft.Extensions.Primitives": "9.0.0"
        }
      },
      "Microsoft.Extensions.Configuration.Abstractions": {
        "type": "Transitive",
        "resolved": "9.0.0",
        "contentHash": "lqvd7W3FGKUO1+ZoUEMaZ5XDJeWvjpy2/M/ptCGz3tXLD4HWVaSzjufsAsjemasBEg+2SxXVtYVvGt5r2nKDlg==",
        "dependencies": {
          "Microsoft.Extensions.Primitives": "9.0.0"
        }
      },
      "Microsoft.Extensions.Configuration.Binder": {
        "type": "Transitive",
        "resolved": "9.0.0",
        "contentHash": "RiScL99DcyngY9zJA2ROrri7Br8tn5N4hP4YNvGdTN/bvg1A3dwvDOxHnNZ3Im7x2SJ5i4LkX1uPiR/MfSFBLQ==",
        "dependencies": {
          "Microsoft.Extensions.Configuration.Abstractions": "9.0.0"
        }
      },
      "Microsoft.Extensions.DependencyInjection.Abstractions": {
        "type": "Transitive",
        "resolved": "9.0.0",
        "contentHash": "+6f2qv2a3dLwd5w6JanPIPs47CxRbnk+ZocMJUhv9NxP88VlOcJYZs9jY+MYSjxvady08bUZn6qgiNh7DadGgg=="
      },
      "Microsoft.Extensions.DependencyModel": {
        "type": "Transitive",
        "resolved": "8.0.2",
        "contentHash": "mUBDZZRgZrSyFOsJ2qJJ9fXfqd/kXJwf3AiDoqLD9m6TjY5OO/vLNOb9fb4juC0487eq4hcGN/M2Rh/CKS7QYw=="
      },
      "Microsoft.Extensions.Diagnostics.Abstractions": {
        "type": "Transitive",
        "resolved": "9.0.0",
        "contentHash": "1K8P7XzuzX8W8pmXcZjcrqS6x5eSSdvhQohmcpgiQNY/HlDAlnrhR9dvlURfFz428A+RTCJpUyB+aKTA6AgVcQ==",
        "dependencies": {
          "Microsoft.Extensions.DependencyInjection.Abstractions": "9.0.0",
          "Microsoft.Extensions.Options": "9.0.0",
          "System.Diagnostics.DiagnosticSource": "9.0.0"
        }
      },
      "Microsoft.Extensions.Logging.Abstractions": {
        "type": "Transitive",
        "resolved": "9.0.0",
        "contentHash": "g0UfujELzlLbHoVG8kPKVBaW470Ewi+jnptGS9KUi6jcb+k2StujtK3m26DFSGGwQ/+bVgZfsWqNzlP6YOejvw==",
        "dependencies": {
          "Microsoft.Extensions.DependencyInjection.Abstractions": "9.0.0",
          "System.Diagnostics.DiagnosticSource": "9.0.0"
        }
      },
      "Microsoft.Extensions.Logging.Configuration": {
        "type": "Transitive",
        "resolved": "9.0.0",
        "contentHash": "H05HiqaNmg6GjH34ocYE9Wm1twm3Oz2aXZko8GTwGBzM7op2brpAA8pJ5yyD1OpS1mXUtModBYOlcZ/wXeWsSg==",
        "dependencies": {
          "Microsoft.Extensions.Configuration": "9.0.0",
          "Microsoft.Extensions.Configuration.Abstractions": "9.0.0",
          "Microsoft.Extensions.Configuration.Binder": "9.0.0",
          "Microsoft.Extensions.DependencyInjection.Abstractions": "9.0.0",
          "Microsoft.Extensions.Logging": "9.0.0",
          "Microsoft.Extensions.Logging.Abstractions": "9.0.0",
          "Microsoft.Extensions.Options": "9.0.0",
          "Microsoft.Extensions.Options.ConfigurationExtensions": "9.0.0"
        }
      },
      "Microsoft.Extensions.ObjectPool": {
        "type": "Transitive",
        "resolved": "8.0.0",
        "contentHash": "4pm+XgxSukskwjzDDfSjG4KNUIOdFF2VaqZZDtTzoyQMOVSnlV6ZM8a9aVu5dg9LVZTB//utzSc8fOi0b0Mb2Q=="
      },
      "Microsoft.Extensions.Options": {
        "type": "Transitive",
        "resolved": "9.0.0",
        "contentHash": "y2146b3jrPI3Q0lokKXdKLpmXqakYbDIPDV6r3M8SqvSf45WwOTzkyfDpxnZXJsJQEpAsAqjUq5Pu8RCJMjubg==",
        "dependencies": {
          "Microsoft.Extensions.DependencyInjection.Abstractions": "9.0.0",
          "Microsoft.Extensions.Primitives": "9.0.0"
        }
      },
      "Microsoft.Extensions.Options.ConfigurationExtensions": {
        "type": "Transitive",
        "resolved": "9.0.0",
        "contentHash": "Ob3FXsXkcSMQmGZi7qP07EQ39kZpSBlTcAZLbJLdI4FIf0Jug8biv2HTavWmnTirchctPlq9bl/26CXtQRguzA==",
        "dependencies": {
          "Microsoft.Extensions.Configuration.Abstractions": "9.0.0",
          "Microsoft.Extensions.Configuration.Binder": "9.0.0",
          "Microsoft.Extensions.DependencyInjection.Abstractions": "9.0.0",
          "Microsoft.Extensions.Options": "9.0.0",
          "Microsoft.Extensions.Primitives": "9.0.0"
        }
      },
      "Microsoft.Extensions.Primitives": {
        "type": "Transitive",
        "resolved": "9.0.0",
        "contentHash": "N3qEBzmLMYiASUlKxxFIISP4AiwuPTHF5uCh+2CWSwwzAJiIYx0kBJsS30cp1nvhSySFAVi30jecD307jV+8Kg=="
      },
      "Microsoft.NETFramework.ReferenceAssemblies.net461": {
        "type": "Transitive",
        "resolved": "1.0.3",
        "contentHash": "AmOJZwCqnOCNp6PPcf9joyogScWLtwy0M1WkqfEQ0M9nYwyDD7EX9ZjscKS5iYnyvteX7kzSKFCKt9I9dXA6mA=="
      },
      "Microsoft.Testing.Extensions.Telemetry": {
        "type": "Transitive",
        "resolved": "2.1.0",
        "contentHash": "5TwgTx2u7k9Al/xbZ18QXq4Hdy2xewkVTI6K3sk+jY2ykqUkIKNuj7rFu3GOV5KnEUkevhw6eZcyZs77STHJIA==",
        "dependencies": {
          "Microsoft.ApplicationInsights": "2.23.0",
          "Microsoft.Testing.Platform": "2.1.0"
        }
      },
      "Microsoft.Testing.Extensions.TrxReport.Abstractions": {
        "type": "Transitive",
        "resolved": "2.1.0",
        "contentHash": "D8xmIJYQFJ6D49Rx5/vPrkZZxb338Jkew+eSqZLBfBiWKw4QZKy3i1BOXiLfz0lOmaNErwDz/YWRojCdNl+B9Q==",
        "dependencies": {
          "Microsoft.Testing.Platform": "2.1.0"
        }
      },
      "Microsoft.Testing.Extensions.VSTestBridge": {
        "type": "Transitive",
        "resolved": "2.1.0",
        "contentHash": "bNRIEA2YoGr+Y+7LHdA7i1U80+7BAdf4K4Qh4Kx6eKkoBK/NV7QpoMg+GWPP0/eqAFzuUmUOIPVZ87Oo0Vyxmw==",
        "dependencies": {
          "Microsoft.TestPlatform.ObjectModel": "18.0.1",
          "Microsoft.Testing.Extensions.Telemetry": "2.1.0",
          "Microsoft.Testing.Extensions.TrxReport.Abstractions": "2.1.0",
          "Microsoft.Testing.Platform": "2.1.0"
        }
      },
      "Microsoft.Testing.Platform": {
        "type": "Transitive",
        "resolved": "2.1.0",
        "contentHash": "aHkjNTGIA+Zbdw6RJgSFrbDrCjO0CgqpElqYcvkRSeUhBv2bKarnvU3ep786U7UqrPlArT/B7VmImRibJD0Zrg=="
      },
      "Microsoft.Testing.Platform.MSBuild": {
        "type": "Transitive",
        "resolved": "2.1.0",
        "contentHash": "UpfPebXQtHGrWz21+YLHmJSm+5zsuPE9U9pfdCtoB+67g75fDmWlNgpkH2ZmdVhSwkjNIed9Icg8Iu63z2ei5Q==",
        "dependencies": {
          "Microsoft.Testing.Platform": "2.1.0"
        }
      },
      "Microsoft.TestPlatform.ObjectModel": {
        "type": "Transitive",
        "resolved": "18.4.0",
        "contentHash": "4L6m2kS2pY5uJ9cpeRxzW22opr6ttScIRqsOpMDQpgENp/ZwxkkQCcmc6LRSURo2dFaaSW5KVflQZvroiJ7Wzg==",
        "dependencies": {
          "System.Reflection.Metadata": "8.0.0"
        }
      },
      "Microsoft.TestPlatform.TestHost": {
        "type": "Transitive",
        "resolved": "18.4.0",
        "contentHash": "gZsCHI+zOmZCcKZieIL4Jg14qKD2OGZOmX5DehuIk1EA9BN6Crm0+taXQNEuajOH1G9CCyBxw8VWR4t5tumcng==",
        "dependencies": {
          "Microsoft.TestPlatform.ObjectModel": "18.4.0",
          "Newtonsoft.Json": "13.0.3"
        }
      },
      "Newtonsoft.Json": {
        "type": "Transitive",
        "resolved": "13.0.3",
        "contentHash": "HrC5BXdl00IP9zeV+0Z848QWPAoCr9P3bDEZguI+gkLcBKAOxix/tLEAAHC+UvDNPv4a2d18lOReHMOagPa+zQ=="
      },
      "OpenTelemetry": {
        "type": "Transitive",
        "resolved": "1.11.1",
        "contentHash": "F+HBI2bE7RKmb8Bj0kBtZIVzCfpTe1ZyY6kYP/jny1+9oq7IdBnNsVXZlPev9OqQzRp3iXpJ1UsnN1YOEwdtkQ==",
        "dependencies": {
          "Microsoft.Extensions.Diagnostics.Abstractions": "9.0.0",
          "Microsoft.Extensions.Logging.Configuration": "9.0.0",
          "OpenTelemetry.Api.ProviderBuilderExtensions": "1.11.1"
        }
      },
      "OpenTelemetry.Api": {
        "type": "Transitive",
        "resolved": "1.11.1",
        "contentHash": "KaBjGMqrqQv41mIkvPUvmAG7yxDlI6qchKhjXlOF3ZwsdcRRLrdrkiDLIJ90iZgUoKVdP8fE1fCri9nc+ug0Cg==",
        "dependencies": {
          "System.Diagnostics.DiagnosticSource": "9.0.0"
        }
      },
      "OpenTelemetry.Api.ProviderBuilderExtensions": {
        "type": "Transitive",
        "resolved": "1.11.1",
        "contentHash": "vMdNMQeW55jXIa/Kybec/br6jC+rWybniTi6DCW5lz1kGghKso+J+FC3uBgiq0/pTqusfeDbO5PEHGM/r5z8Ow==",
        "dependencies": {
          "Microsoft.Extensions.DependencyInjection.Abstractions": "9.0.0",
          "OpenTelemetry.Api": "1.11.1"
        }
      },
      "Speckle.Newtonsoft.Json": {
        "type": "Transitive",
        "resolved": "13.0.2",
        "contentHash": "g1BejUZwax5PRfL6xHgLEK23sqHWOgOj9hE7RvfRRlN00AGt8GnPYt8HedSK7UB3HiRW8zCA9Pn0iiYxCK24BA=="
      },
      "Speckle.Sdk": {
        "type": "Transitive",
        "resolved": "3.20.6",
        "contentHash": "jp1fle+rM6l3TtmhTwaWIlZ6HdeR7WYWFwRAxD/iazOFNXp0gWpEwYMe7Z+gBEmd6M91xQwWGAGo03x3D2XJaA==",
        "dependencies": {
          "GraphQL.Client": "6.0.0",
          "Microsoft.Data.Sqlite": "7.0.5",
          "Microsoft.Extensions.Logging": "8.0.0",
          "Microsoft.Extensions.ObjectPool": "8.0.0",
          "Speckle.DoubleNumerics": "4.1.0",
          "Speckle.Newtonsoft.Json": "13.0.2",
          "Speckle.Sdk.Dependencies": "3.20.6"
        }
      },
      "Speckle.Sdk.Dependencies": {
        "type": "Transitive",
        "resolved": "3.20.6",
        "contentHash": "DDRzJnBkQuDQbk1Zq76J++sZd63a+aKcY7BiYVDNvjzBSuzhtURe8PQoCfAb1H6WcYL2/K+KytOVvzK/113sGg=="
      },
      "SQLitePCLRaw.bundle_e_sqlite3": {
        "type": "Transitive",
        "resolved": "2.1.4",
        "contentHash": "EWI1olKDjFEBMJu0+3wuxwziIAdWDVMYLhuZ3Qs84rrz+DHwD00RzWPZCa+bLnHCf3oJwuFZIRsHT5p236QXww==",
        "dependencies": {
          "SQLitePCLRaw.lib.e_sqlite3": "2.1.4",
          "SQLitePCLRaw.provider.e_sqlite3": "2.1.4"
        }
      },
      "SQLitePCLRaw.core": {
        "type": "Transitive",
        "resolved": "2.1.4",
        "contentHash": "inBjvSHo9UDKneGNzfUfDjK08JzlcIhn1+SP5Y3m6cgXpCxXKCJDy6Mka7LpgSV+UZmKSnC8rTwB0SQ0xKu5pA==",
        "dependencies": {
          "System.Memory": "4.5.3"
        }
      },
      "SQLitePCLRaw.lib.e_sqlite3": {
        "type": "Transitive",
        "resolved": "2.1.4",
        "contentHash": "2C9Q9eX7CPLveJA0rIhf9RXAvu+7nWZu1A2MdG6SD/NOu26TakGgL1nsbc0JAspGijFOo3HoN79xrx8a368fBg=="
      },
      "SQLitePCLRaw.provider.e_sqlite3": {
        "type": "Transitive",
        "resolved": "2.1.4",
        "contentHash": "CSlb5dUp1FMIkez9Iv5EXzpeq7rHryVNqwJMWnpq87j9zWZexaEMdisDktMsnnrzKM6ahNrsTkjqNodTBPBxtQ==",
        "dependencies": {
          "SQLitePCLRaw.core": "2.1.4"
        }
      },
      "System.Collections.Immutable": {
        "type": "Transitive",
        "resolved": "8.0.0",
        "contentHash": "AurL6Y5BA1WotzlEvVaIDpqzpIPvYnnldxru8oXJU2yFxFUy3+pNXjXd1ymO+RA0rq0+590Q8gaz2l3Sr7fmqg=="
      },
      "System.Diagnostics.DiagnosticSource": {
        "type": "Transitive",
        "resolved": "9.0.0",
        "contentHash": "ddppcFpnbohLWdYKr/ZeLZHmmI+DXFgZ3Snq+/E7SwcdW4UnvxmaugkwGywvGVWkHPGCSZjCP+MLzu23AL5SDw=="
      },
      "System.Diagnostics.EventLog": {
        "type": "Transitive",
        "resolved": "6.0.0",
        "contentHash": "lcyUiXTsETK2ALsZrX+nWuHSIQeazhqPphLfaRxzdGaG93+0kELqpgEHtwWOlQe7+jSFnKwaCAgL4kjeZCQJnw=="
      },
      "System.Memory": {
        "type": "Transitive",
        "resolved": "4.5.3",
        "contentHash": "3oDzvc/zzetpTKWMShs1AADwZjQ/36HnsufHRPcOjyRAAMLDlu2iD33MBI2opxnezcVUtXyqDXXjoFMOU9c7SA=="
      },
      "System.Reactive": {
        "type": "Transitive",
        "resolved": "5.0.0",
        "contentHash": "erBZjkQHWL9jpasCE/0qKAryzVBJFxGHVBAvgRN1bzM0q2s1S4oYREEEL0Vb+1kA/6BKb5FjUZMp5VXmy+gzkQ=="
      },
      "System.Reflection.Metadata": {
        "type": "Transitive",
        "resolved": "8.0.0",
        "contentHash": "ptvgrFh7PvWI8bcVqG5rsA/weWM09EnthFHR5SCnS6IN+P4mj6rE1lBDC4U8HL9/57htKAqy4KQ3bBj84cfYyQ==",
        "dependencies": {
          "System.Collections.Immutable": "8.0.0"
        }
      },
      "System.Reflection.TypeExtensions": {
        "type": "Transitive",
        "resolved": "4.7.0",
        "contentHash": "VybpaOQQhqE6siHppMktjfGBw1GCwvCqiufqmP8F1nj7fTUNtW35LOEt3UZTEsECfo+ELAl/9o9nJx3U91i7vA=="
      },
      "speckle.connectors.common": {
        "type": "Project",
        "dependencies": {
          "Speckle.Connectors.Logging": "[1.0.0, )",
          "Speckle.Converters.Common": "[1.0.0, )",
          "Speckle.Objects": "[3.20.6, )"
        }
      },
      "speckle.connectors.logging": {
        "type": "Project",
        "dependencies": {
          "OpenTelemetry.Exporter.OpenTelemetryProtocol": "[1.11.1, )",
          "OpenTelemetry.Instrumentation.Http": "[1.11.0, )",
          "Serilog": "[4.0.1, )",
          "Serilog.Exceptions": "[8.4.0, )",
          "Serilog.Extensions.Logging": "[8.0.0, )",
          "Serilog.Sinks.Console": "[6.0.0, )",
          "Serilog.Sinks.File": "[6.0.0, )"
        }
      },
      "speckle.converters.common": {
        "type": "Project",
        "dependencies": {
          "Speckle.Objects": "[3.20.6, )"
        }
      },
      "speckle.testing": {
        "type": "Project",
        "dependencies": {
          "Moq": "[4.20.70, )",
          "NUnit": "[4.5.1, )",
          "Speckle.Objects": "[3.20.6, )"
        }
      },
      "Microsoft.Extensions.DependencyInjection": {
        "type": "CentralTransitive",
        "requested": "[8.0.0, )",
        "resolved": "9.0.0",
        "contentHash": "MCPrg7v3QgNMr0vX4vzRXvkNGgLg8vKWX0nKCWUxu2uPyMsaRgiRc1tHBnbTcfJMhMKj2slE/j2M9oGkd25DNw==",
        "dependencies": {
          "Microsoft.Extensions.DependencyInjection.Abstractions": "9.0.0"
        }
      },
      "Microsoft.Extensions.Logging": {
        "type": "CentralTransitive",
        "requested": "[9.0.0, )",
        "resolved": "9.0.0",
        "contentHash": "crjWyORoug0kK7RSNJBTeSE6VX8IQgLf3nUpTB9m62bPXp/tzbnOsnbe8TXEG0AASNaKZddnpHKw7fET8E++Pg==",
        "dependencies": {
          "Microsoft.Extensions.DependencyInjection": "9.0.0",
          "Microsoft.Extensions.Logging.Abstractions": "9.0.0",
          "Microsoft.Extensions.Options": "9.0.0"
        }
      },
      "Moq": {
        "type": "CentralTransitive",
        "requested": "[4.20.70, )",
        "resolved": "4.20.70",
        "contentHash": "4rNnAwdpXJBuxqrOCzCyICXHSImOTRktCgCWXWykuF1qwoIsVvEnR7PjbMk/eLOxWvhmj5Kwt+kDV3RGUYcNwg==",
        "dependencies": {
          "Castle.Core": "5.1.1"
        }
      },
      "NUnit": {
        "type": "CentralTransitive",
        "requested": "[4.5.1, )",
        "resolved": "4.5.1",
        "contentHash": "x1sIqU9i0IkxqFayqthzmJs/75jTMbrfNMixj4vtfTi7rRzGbtuY27V+iAhfTY02u5k2qvW3QBGM414OG4q8Lw=="
      },
      "OpenTelemetry.Exporter.OpenTelemetryProtocol": {
        "type": "CentralTransitive",
        "requested": "[1.11.1, )",
        "resolved": "1.11.1",
        "contentHash": "UiZBa+2b396Oxx9RX7h4ch+yZvX8nezxVkihPLU6zdEUfJbbVY2mNypJKEoW2Vh4xCaCp0fB6na3Kti+KfTVaw==",
        "dependencies": {
          "OpenTelemetry": "1.11.1"
        }
      },
      "OpenTelemetry.Instrumentation.Http": {
        "type": "CentralTransitive",
        "requested": "[1.11.0, )",
        "resolved": "1.11.0",
        "contentHash": "1ncYPNmMaYNPX664uo3FlmSVGETBKQbBvarbGgB5ZynERTFmCsZ7UqefvVe3vnPYOIAGOjbMAbprYF2BfMielg==",
        "dependencies": {
          "Microsoft.Extensions.Configuration": "9.0.0",
          "Microsoft.Extensions.Options": "9.0.0",
          "OpenTelemetry.Api.ProviderBuilderExtensions": "[1.11.1, 2.0.0)"
        }
      },
      "Serilog": {
        "type": "CentralTransitive",
        "requested": "[4.0.1, )",
        "resolved": "4.0.1",
        "contentHash": "pzeDRXdpSLSsgBHpZcmpIDxqMy845Ab4s+dfnBg0sN9h8q/4Wo3vAoe0QCGPze1Q06EVtEPupS+UvLm8iXQmTQ=="
      },
      "Serilog.Exceptions": {
        "type": "CentralTransitive",
        "requested": "[8.4.0, )",
        "resolved": "8.4.0",
        "contentHash": "nc/+hUw3lsdo0zCj0KMIybAu7perMx79vu72w0za9Nsi6mWyNkGXxYxakAjWB7nEmYL6zdmhEQRB4oJ2ALUeug==",
        "dependencies": {
          "Serilog": "2.8.0",
          "System.Reflection.TypeExtensions": "4.7.0"
        }
      },
      "Serilog.Extensions.Logging": {
        "type": "CentralTransitive",
        "requested": "[8.0.0, )",
        "resolved": "8.0.0",
        "contentHash": "YEAMWu1UnWgf1c1KP85l1SgXGfiVo0Rz6x08pCiPOIBt2Qe18tcZLvdBUuV5o1QHvrs8FAry9wTIhgBRtjIlEg==",
        "dependencies": {
          "Microsoft.Extensions.Logging": "8.0.0",
          "Serilog": "3.1.1"
        }
      },
      "Serilog.Sinks.Console": {
        "type": "CentralTransitive",
        "requested": "[6.0.0, )",
        "resolved": "6.0.0",
        "contentHash": "fQGWqVMClCP2yEyTXPIinSr5c+CBGUvBybPxjAGcf7ctDhadFhrQw03Mv8rJ07/wR5PDfFjewf2LimvXCDzpbA==",
        "dependencies": {
          "Serilog": "4.0.0"
        }
      },
      "Serilog.Sinks.File": {
        "type": "CentralTransitive",
        "requested": "[6.0.0, )",
        "resolved": "6.0.0",
        "contentHash": "lxjg89Y8gJMmFxVkbZ+qDgjl+T4yC5F7WSLTvA+5q0R04tfKVLRL/EHpYoJ/MEQd2EeCKDuylBIVnAYMotmh2A==",
        "dependencies": {
          "Serilog": "4.0.0"
        }
      },
      "Speckle.DoubleNumerics": {
        "type": "CentralTransitive",
        "requested": "[4.1.0, )",
        "resolved": "4.1.0",
        "contentHash": "20DtS+FsDRsOD9+AU3TwNFZ0qrKo5f6f7B5ZR9wStsIHHHC9k7DpjbCvuNtmnSjx54MD+TJC7wV2f5iyGVPj1A=="
      },
      "Speckle.Objects": {
        "type": "CentralTransitive",
        "requested": "[3.20.6, )",
        "resolved": "3.20.6",
        "contentHash": "iK+Yl0VUoGzBFuOqP3yrEWQIuQDoISfwbG7vn0jNmEAgwGcRfB9yGlQ0wA4s7IgxbdEfPjhzzcKMBNcPJWkLtw==",
        "dependencies": {
          "Speckle.Sdk": "3.20.6"
        }
      }
    }
  }
}